
Microsoft Visual Studio Solution File, Format Version 12.00
# Visual Studio Version 17
VisualStudioVersion = 17.7.34202.233
MinimumVisualStudioVersion = 10.0.40219.1
Project("{9A19103F-16F7-4668-BE54-9A1E7A4F7556}") = "WebAccountant", "WebAccountant\WebAccountant.csproj", "{D057C2EB-E400-4F01-A5B7-DF8D9D94FDD4}"
EndProject
Project("{2150E333-8FDC-42A3-9474-1A3956D46DE8}") = "DevExtreme NuGet.config", "DevExtreme NuGet.config", "{CA809831-4C14-441E-8744-929CF31B67D4}"
	ProjectSection(SolutionItems) = preProject
		NuGet.config = NuGet.config
	EndProjectSection
EndProject
Global
	GlobalSection(SolutionConfigurationPlatforms) = preSolution
		Debug|Any CPU = Debug|Any CPU
		Release|Any CPU = Release|Any CPU
	EndGlobalSection
	GlobalSection(ProjectConfigurationPlatforms) = postSolution
		{D057C2EB-E400-4F01-A5B7-DF8D9D94FDD4}.Debug|Any CPU.ActiveCfg = Debug|Any CPU
		{D057C2EB-E400-4F01-A5B7-DF8D9D94FDD4}.Debug|Any CPU.Build.0 = Debug|Any CPU
		{D057C2EB-E400-4F01-A5B7-DF8D9D94FDD4}.Release|Any CPU.ActiveCfg = Release|Any CPU
		{D057C2EB-E400-4F01-A5B7-DF8D9D94FDD4}.Release|Any CPU.Build.0 = Release|Any CPU
	EndGlobalSection
	GlobalSection(SolutionProperties) = preSolution
		HideSolutionNode = FALSE
	EndGlobalSection
	GlobalSection(ExtensibilityGlobals) = postSolution
		SolutionGuid = {802787E9-8056-4FDB-A0D5-D04ABCB69D1C}
	EndGlobalSection
EndGlobal
